
Microsoft Visual Studio Solution File, Format Version 12.00
# Visual Studio Version 16
VisualStudioVersion = 16.0.31624.102
MinimumVisualStudioVersion = 10.0.40219.1
Project("{FAE04EC0-301F-11D3-BF4B-00C04F79EFBC}") = "senai_wishlist_webapi", "senai_wishlist_webapi\senai_wishlist_webapi.csproj", "{CACD6609-79EB-4073-B08E-217981347743}"
EndProject
Global
	GlobalSection(SolutionConfigurationPlatforms) = preSolution
		Debug|Any CPU = Debug|Any CPU
		Release|Any CPU = Release|Any CPU
	EndGlobalSection
	GlobalSection(ProjectConfigurationPlatforms) = postSolution
		{CACD6609-79EB-4073-B08E-217981347743}.Debug|Any CPU.ActiveCfg = Debug|Any CPU
		{CACD6609-79EB-4073-B08E-217981347743}.Debug|Any CPU.Build.0 = Debug|Any CPU
		{CACD6609-79EB-4073-B08E-217981347743}.Release|Any CPU.ActiveCfg = Release|Any CPU
		{CACD6609-79EB-4073-B08E-217981347743}.Release|Any CPU.Build.0 = Release|Any CPU
	EndGlobalSection
	GlobalSection(SolutionProperties) = preSolution
		HideSolutionNode = FALSE
	EndGlobalSection
	GlobalSection(ExtensibilityGlobals) = postSolution
		SolutionGuid = {CECB91F1-3FEC-4B8C-99BC-5AEDC7C121DB}
	EndGlobalSection
EndGlobal
